Microsoft Visual Studio Solution File, Format Version 12.00
# Visual Studio Version 17
VisualStudioVersion = 17.5.2.0
MinimumVisualStudioVersion = 10.0.40219.1
Project("{FAE04EC0-301F-11D3-BF4B-00C04F79EFBC}") = "Atc.XamlToolkit.Tests", "Atc.XamlToolkit.Tests.csproj", "{7D30C02D-BA61-455A-CF28-B3CDD10FC6EB}"
EndProject
Global
	GlobalSection(SolutionConfigurationPlatforms) = preSolution
		Debug|Any CPU = Debug|Any CPU
		Release|Any CPU = Release|Any CPU
	EndGlobalSection
	GlobalSection(ProjectConfigurationPlatforms) = postSolution
		{7D30C02D-BA61-455A-CF28-B3CDD10FC6EB}.Debug|Any CPU.ActiveCfg = Debug|Any CPU
		{7D30C02D-BA61-455A-CF28-B3CDD10FC6EB}.Debug|Any CPU.Build.0 = Debug|Any CPU
		{7D30C02D-BA61-455A-CF28-B3CDD10FC6EB}.Release|Any CPU.ActiveCfg = Release|Any CPU
		{7D30C02D-BA61-455A-CF28-B3CDD10FC6EB}.Release|Any CPU.Build.0 = Release|Any CPU
	EndGlobalSection
	GlobalSection(SolutionProperties) = preSolution
		HideSolutionNode = FALSE
	EndGlobalSection
	GlobalSection(ExtensibilityGlobals) = postSolution
		SolutionGuid = {73BA69D9-B9D9-4D7A-86B2-D161E26C6021}
	EndGlobalSection
EndGlobal
